{
  "name": "react-localize-crowdin",
  "version": "1.0.0",
  "lockfileVersion": 1,
  "requires": true,
  "dependencies": {
    "js2xmlparser": {
      "version": "4.0.0",
      "resolved": "https://registry.npmjs.org/js2xmlparser/-/js2xmlparser-4.0.0.tgz",
      "integrity": "sha512-WuNgdZOXVmBk5kUPMcTcVUpbGRzLfNkv7+7APq7WiDihpXVKrgxo6wwRpRl9OQeEBgKCVk9mR7RbzrnNWC8oBw==",
      "requires": {
        "xmlcreate": "^2.0.0"
      }
    },
    "sax": {
      "version": "1.2.4",
      "resolved": "https://registry.npmjs.org/sax/-/sax-1.2.4.tgz",
      "integrity": "sha512-NqVDv9TpANUjFm0N8uM5GxL36UgKi9/atZw+x7YFnQ8ckwFGKrl4xX4yWtrey3UJm5nP1kUbnYgLopqWNSRhWw=="
    },
    "xml-js": {
      "version": "1.6.11",
      "resolved": "https://registry.npmjs.org/xml-js/-/xml-js-1.6.11.tgz",
      "integrity": "sha512-7rVi2KMfwfWFl+GpPg6m80IVMWXLRjO+PxTq7V2CDhoGak0wzYzFgUY2m4XJ47OGdXd8eLE8EmwfAmdjw7lC1g==",
      "requires": {
        "sax": "^1.2.4"
      }
    },
    "xmlcreate": {
      "version": "2.0.1",
      "resolved": "https://registry.npmjs.org/xmlcreate/-/xmlcreate-2.0.1.tgz",
      "integrity": "sha512-MjGsXhKG8YjTKrDCXseFo3ClbMGvUD4en29H2Cev1dv4P/chlpw6KdYmlCWDkhosBVKRDjM836+3e3pm1cBNJA=="
    }
  }
}
